// !$*UTF8*$!
{ archiveVersion = 1; classes = {}; objectVersion = 56; objects = {
2B5755CEE685E9C23FC158D8 = {isa = PBXFileReference; lastKnownFileType = sourcecode.swift; path = "ThreadInboxView.swift"; sourceTree = "<group>";};
0A63324D20D7D983A810EE3A = {isa = PBXBuildFile; fileRef = 2B5755CEE685E9C23FC158D8;};
151CA9995452E2201761E3E8 = {isa = PBXFileReference; lastKnownFileType = sourcecode.swift; path = "MessageBubble.swift"; sourceTree = "<group>";};
99808EA17FAFC4B0A5C3FFCC = {isa = PBXBuildFile; fileRef = 151CA9995452E2201761E3E8;};
39141B178FB4F8429478354B = {isa = PBXFileReference; lastKnownFileType = sourcecode.swift; path = "GitHubEvent.swift"; sourceTree = "<group>";};
5F7A11BFF967B3FE42FA0641 = {isa = PBXBuildFile; fileRef = 39141B178FB4F8429478354B;};
E47C9259AB6FB2313898AE5F = {isa = PBXFileReference; lastKnownFileType = sourcecode.swift; path = "Mentions.swift"; sourceTree = "<group>";};
45C493FD0E99D437C6BC4F64 = {isa = PBXBuildFile; fileRef = E47C9259AB6FB2313898AE5F;};
FCEE2B44296FE9624053F33C = {isa = PBXFileReference; lastKnownFileType = sourcecode.swift; path = "RichMessage.swift"; sourceTree = "<group>";};
8E2E0005C7015F54E973BE50 = {isa = PBXBuildFile; fileRef = FCEE2B44296FE9624053F33C;};
5D055DF8EF9248683E81E32E = {isa = PBXFileReference; lastKnownFileType = sourcecode.swift; path = "RoomHierarchy.swift"; sourceTree = "<group>";};
FB6DE60108D3DF8150F4C22F = {isa = PBXBuildFile; fileRef = 5D055DF8EF9248683E81E32E;};
C5E9A06C41B4A0D75509FA3A = {isa = PBXFileReference; lastKnownFileType = sourcecode.swift; path = "APIClient.swift"; sourceTree = "<group>";};
F2E4E5956CBD52712103D371 = {isa = PBXBuildFile; fileRef = C5E9A06C41B4A0D75509FA3A;};
3495D6E73EE73B5DC27F7181 = {isa = PBXFileReference; lastKnownFileType = sourcecode.swift; path = "ConversationStore.swift"; sourceTree = "<group>";};
2DE1C53D864DBB91945F9880 = {isa = PBXBuildFile; fileRef = 3495D6E73EE73B5DC27F7181;};
1393F1D4320247CEF76BADC2 = {isa = PBXFileReference; lastKnownFileType = sourcecode.swift; path = "ConversationView.swift"; sourceTree = "<group>";};
91663994A58EE7FBD9A85E3D = {isa = PBXBuildFile; fileRef = 1393F1D4320247CEF76BADC2;};
A0546F23E8742D507BF6077F = {isa = PBXFileReference; lastKnownFileType = sourcecode.swift; path = "LetAgentsApp.swift"; sourceTree = "<group>";};
9BB7079CADD1715BA8613682 = {isa = PBXBuildFile; fileRef = A0546F23E8742D507BF6077F;};
8CDFCD0A6EB5D19E5A11A003 = {isa = PBXFileReference; lastKnownFileType = sourcecode.swift; path = "Models.swift"; sourceTree = "<group>";};
56186D1BD43D0FB8C7587FAB = {isa = PBXBuildFile; fileRef = 8CDFCD0A6EB5D19E5A11A003;};
F3A970EBF17E62EC74926966 = {isa = PBXFileReference; lastKnownFileType = sourcecode.swift; path = "ProjectsView.swift"; sourceTree = "<group>";};
18220A6600B96C8D43222EE9 = {isa = PBXBuildFile; fileRef = F3A970EBF17E62EC74926966;};
19994642D1D1D498057885F3 = {isa = PBXFileReference; lastKnownFileType = sourcecode.swift; path = "SessionStore.swift"; sourceTree = "<group>";};
CB604033EA59E85C3AC42CF4 = {isa = PBXBuildFile; fileRef = 19994642D1D1D498057885F3;};
AEBE36A7DA25D307E86E9F57 = {isa = PBXFileReference; lastKnownFileType = sourcecode.swift; path = "SignInViews.swift"; sourceTree = "<group>";};
32D20BF5AA31F59C7A766D88 = {isa = PBXBuildFile; fileRef = AEBE36A7DA25D307E86E9F57;};
84FFAF4712EB03D32FED25DC = {isa = PBXFileReference; lastKnownFileType = sourcecode.swift; path = "Theme.swift"; sourceTree = "<group>";};
EA90930788CE8E6BD5AE4D67 = {isa = PBXBuildFile; fileRef = 84FFAF4712EB03D32FED25DC;};
DF2F0497A228AE6022BC2F28 = {isa = PBXFileReference; lastKnownFileType = sourcecode.swift; path = "UITestFixtures.swift"; sourceTree = "<group>";};
FD6F6F97B38D7CBAE1C6775B = {isa = PBXBuildFile; fileRef = DF2F0497A228AE6022BC2F28;};
3685E330EC5277A9DD5661C6 = {isa = PBXFileReference; lastKnownFileType = folder.assetcatalog; path = Assets.xcassets; sourceTree = "<group>";};
716E9590E60B3AFA6E62BF18 = {isa = PBXBuildFile; fileRef = 3685E330EC5277A9DD5661C6;};
9598F563571B68F2E6ACAF8C = {isa = PBXGroup; children = (2B5755CEE685E9C23FC158D8,151CA9995452E2201761E3E8,39141B178FB4F8429478354B,E47C9259AB6FB2313898AE5F,FCEE2B44296FE9624053F33C,5D055DF8EF9248683E81E32E,C5E9A06C41B4A0D75509FA3A,3495D6E73EE73B5DC27F7181,1393F1D4320247CEF76BADC2,A0546F23E8742D507BF6077F,8CDFCD0A6EB5D19E5A11A003,F3A970EBF17E62EC74926966,19994642D1D1D498057885F3,AEBE36A7DA25D307E86E9F57,84FFAF4712EB03D32FED25DC,DF2F0497A228AE6022BC2F28,3685E330EC5277A9DD5661C6,); path = LetAgents; sourceTree = "<group>";};
31DD24EF1147E0FDB7EFD4E6 = {isa = PBXFileReference; explicitFileType = wrapper.application; includeInIndex = 0; path = LetAgents.app; sourceTree = BUILT_PRODUCTS_DIR;};
E0B23D82BCCBCA8898C27892 = {isa = PBXSourcesBuildPhase; buildActionMask = 2147483647; files = (0A63324D20D7D983A810EE3A,99808EA17FAFC4B0A5C3FFCC,5F7A11BFF967B3FE42FA0641,45C493FD0E99D437C6BC4F64,8E2E0005C7015F54E973BE50,FB6DE60108D3DF8150F4C22F,F2E4E5956CBD52712103D371,2DE1C53D864DBB91945F9880,91663994A58EE7FBD9A85E3D,9BB7079CADD1715BA8613682,56186D1BD43D0FB8C7587FAB,18220A6600B96C8D43222EE9,CB604033EA59E85C3AC42CF4,32D20BF5AA31F59C7A766D88,EA90930788CE8E6BD5AE4D67,FD6F6F97B38D7CBAE1C6775B,); runOnlyForDeploymentPostprocessing = 0;};
BC920E7602B2FC531EA93E56 = {isa = PBXFrameworksBuildPhase; buildActionMask = 2147483647; files = (); runOnlyForDeploymentPostprocessing = 0;};
98C5A6FC4134EC99D1980CBA = {isa = PBXResourcesBuildPhase; buildActionMask = 2147483647; files = (716E9590E60B3AFA6E62BF18,); runOnlyForDeploymentPostprocessing = 0;};
B0C75ADB7F9A16A19D4FF5E2 = {isa = XCBuildConfiguration; buildSettings = {PRODUCT_BUNDLE_IDENTIFIER = "chat.letagents.mobile"; PRODUCT_NAME = "$(TARGET_NAME)"; SWIFT_VERSION = "5.0"; GENERATE_INFOPLIST_FILE = "YES"; IPHONEOS_DEPLOYMENT_TARGET = "17.0"; TARGETED_DEVICE_FAMILY = "1"; CODE_SIGN_STYLE = "Automatic"; DEVELOPMENT_TEAM = "26836KWQM6"; SWIFT_EMIT_LOC_STRINGS = "YES"; INFOPLIST_KEY_CFBundleDisplayName = "LetAgents"; INFOPLIST_KEY_ITSAppUsesNonExemptEncryption = NO; INFOPLIST_KEY_LSApplicationCategoryType = "public.app-category.social-networking"; INFOPLIST_KEY_UILaunchScreen_Generation = "YES"; INFOPLIST_KEY_UIApplicationSceneManifest_Generation = "YES"; INFOPLIST_KEY_UISupportedInterfaceOrientations = "UIInterfaceOrientationPortrait UIInterfaceOrientationLandscapeLeft UIInterfaceOrientationLandscapeRight"; ASSETCATALOG_COMPILER_APPICON_NAME = "AppIcon"; CURRENT_PROJECT_VERSION = "2"; MARKETING_VERSION = "1.0"; ENABLE_PREVIEWS = "YES"; SUPPORTED_PLATFORMS = "iphoneos iphonesimulator"; SUPPORTS_MACCATALYST = "NO";}; name = Debug;};
309A3ECD173FC7205FBC3DAE = {isa = XCBuildConfiguration; buildSettings = {PRODUCT_BUNDLE_IDENTIFIER = "chat.letagents.mobile"; PRODUCT_NAME = "$(TARGET_NAME)"; SWIFT_VERSION = "5.0"; GENERATE_INFOPLIST_FILE = "YES"; IPHONEOS_DEPLOYMENT_TARGET = "17.0"; TARGETED_DEVICE_FAMILY = "1"; CODE_SIGN_STYLE = "Automatic"; DEVELOPMENT_TEAM = "26836KWQM6"; SWIFT_EMIT_LOC_STRINGS = "YES"; INFOPLIST_KEY_CFBundleDisplayName = "LetAgents"; INFOPLIST_KEY_ITSAppUsesNonExemptEncryption = NO; INFOPLIST_KEY_LSApplicationCategoryType = "public.app-category.social-networking"; INFOPLIST_KEY_UILaunchScreen_Generation = "YES"; INFOPLIST_KEY_UIApplicationSceneManifest_Generation = "YES"; INFOPLIST_KEY_UISupportedInterfaceOrientations = "UIInterfaceOrientationPortrait UIInterfaceOrientationLandscapeLeft UIInterfaceOrientationLandscapeRight"; ASSETCATALOG_COMPILER_APPICON_NAME = "AppIcon"; CURRENT_PROJECT_VERSION = "2"; MARKETING_VERSION = "1.0"; ENABLE_PREVIEWS = "YES"; SUPPORTED_PLATFORMS = "iphoneos iphonesimulator"; SUPPORTS_MACCATALYST = "NO";}; name = Release;};
5E1CB34323DF11F4E37332EE = {isa = XCConfigurationList; buildConfigurations = (B0C75ADB7F9A16A19D4FF5E2,309A3ECD173FC7205FBC3DAE,); defaultConfigurationIsVisible = 0; defaultConfigurationName = Release;};
106D1F62A27F34E02B4E2E27 = {isa = PBXNativeTarget; buildConfigurationList = 5E1CB34323DF11F4E37332EE; buildPhases = (E0B23D82BCCBCA8898C27892,BC920E7602B2FC531EA93E56,98C5A6FC4134EC99D1980CBA,); buildRules = (); dependencies = (); name = LetAgents; productName = LetAgents; productReference = 31DD24EF1147E0FDB7EFD4E6; productType = "com.apple.product-type.application";};
D4D9E06972DF4BA339254D5D = {isa = PBXFileReference; lastKnownFileType = sourcecode.swift; path = "APIClientTests.swift"; sourceTree = "<group>";};
42EB143625CC861DC7FD7762 = {isa = PBXBuildFile; fileRef = D4D9E06972DF4BA339254D5D;};
1C11A5DF866BE876A8392CA5 = {isa = PBXFileReference; lastKnownFileType = sourcecode.swift; path = "StateTests.swift"; sourceTree = "<group>";};
473FE6F61F23DF58EFB2A3F2 = {isa = PBXBuildFile; fileRef = 1C11A5DF866BE876A8392CA5;};
61D7B4FB3F91E12A32FC4188 = {isa = PBXGroup; children = (D4D9E06972DF4BA339254D5D,1C11A5DF866BE876A8392CA5,); path = LetAgentsTests; sourceTree = "<group>";};
D287853A5B19B595EE967D2E = {isa = PBXFileReference; explicitFileType = wrapper.cfbundle; includeInIndex = 0; path = LetAgentsTests.xctest; sourceTree = BUILT_PRODUCTS_DIR;};
6C05B68B322379BDC585D1A4 = {isa = PBXSourcesBuildPhase; buildActionMask = 2147483647; files = (42EB143625CC861DC7FD7762,473FE6F61F23DF58EFB2A3F2,); runOnlyForDeploymentPostprocessing = 0;};
EC495FCDE8067097F8016B8E = {isa = PBXFrameworksBuildPhase; buildActionMask = 2147483647; files = (); runOnlyForDeploymentPostprocessing = 0;};
3BED49A10A2196F990E0501C = {isa = PBXResourcesBuildPhase; buildActionMask = 2147483647; files = (); runOnlyForDeploymentPostprocessing = 0;};
93739EC75A3B10CBA4ECB409 = {isa = XCBuildConfiguration; buildSettings = {PRODUCT_BUNDLE_IDENTIFIER = "chat.letagents.mobile.LetAgentsTests"; PRODUCT_NAME = "$(TARGET_NAME)"; SWIFT_VERSION = "5.0"; GENERATE_INFOPLIST_FILE = "YES"; IPHONEOS_DEPLOYMENT_TARGET = "17.0"; TARGETED_DEVICE_FAMILY = "1"; CODE_SIGN_STYLE = "Automatic"; DEVELOPMENT_TEAM = "26836KWQM6"; SWIFT_EMIT_LOC_STRINGS = "YES"; TEST_HOST = "$(BUILT_PRODUCTS_DIR)/LetAgents.app/$(BUNDLE_EXECUTABLE_FOLDER_PATH)/LetAgents"; BUNDLE_LOADER = "$(TEST_HOST)";}; name = Debug;};
EAEC4FFBA7ADC9107ECA17A8 = {isa = XCBuildConfiguration; buildSettings = {PRODUCT_BUNDLE_IDENTIFIER = "chat.letagents.mobile.LetAgentsTests"; PRODUCT_NAME = "$(TARGET_NAME)"; SWIFT_VERSION = "5.0"; GENERATE_INFOPLIST_FILE = "YES"; IPHONEOS_DEPLOYMENT_TARGET = "17.0"; TARGETED_DEVICE_FAMILY = "1"; CODE_SIGN_STYLE = "Automatic"; DEVELOPMENT_TEAM = "26836KWQM6"; SWIFT_EMIT_LOC_STRINGS = "YES"; TEST_HOST = "$(BUILT_PRODUCTS_DIR)/LetAgents.app/$(BUNDLE_EXECUTABLE_FOLDER_PATH)/LetAgents"; BUNDLE_LOADER = "$(TEST_HOST)";}; name = Release;};
CC30CAA2490E6E58B2F5B218 = {isa = XCConfigurationList; buildConfigurations = (93739EC75A3B10CBA4ECB409,EAEC4FFBA7ADC9107ECA17A8,); defaultConfigurationIsVisible = 0; defaultConfigurationName = Release;};
6F60FBCA388D9C23BDE6063A = {isa = PBXContainerItemProxy; containerPortal = 98F54143AB4E86B28C3AFEE0; proxyType = 1; remoteGlobalIDString = 106D1F62A27F34E02B4E2E27; remoteInfo = LetAgents;};
A0EE76BC696FC037A39AC884 = {isa = PBXTargetDependency; target = 106D1F62A27F34E02B4E2E27; targetProxy = 6F60FBCA388D9C23BDE6063A;};
E80E070BC82431AEFF557917 = {isa = PBXNativeTarget; buildConfigurationList = CC30CAA2490E6E58B2F5B218; buildPhases = (6C05B68B322379BDC585D1A4,EC495FCDE8067097F8016B8E,3BED49A10A2196F990E0501C,); buildRules = (); dependencies = (A0EE76BC696FC037A39AC884,); name = LetAgentsTests; productName = LetAgentsTests; productReference = D287853A5B19B595EE967D2E; productType = "com.apple.product-type.bundle.unit-test";};
43C7C2AFFEC1C42DAC757F80 = {isa = PBXFileReference; lastKnownFileType = sourcecode.swift; path = "CompanionFlowTests.swift"; sourceTree = "<group>";};
A7DFC3A51F6CC22EEAD8A610 = {isa = PBXBuildFile; fileRef = 43C7C2AFFEC1C42DAC757F80;};
ED26F2D14958632782D99F62 = {isa = PBXGroup; children = (43C7C2AFFEC1C42DAC757F80,); path = LetAgentsUITests; sourceTree = "<group>";};
C4B7DABB386D303B41AE476E = {isa = PBXFileReference; explicitFileType = wrapper.cfbundle; includeInIndex = 0; path = LetAgentsUITests.xctest; sourceTree = BUILT_PRODUCTS_DIR;};
B419E63C9AD11D10A3880582 = {isa = PBXSourcesBuildPhase; buildActionMask = 2147483647; files = (A7DFC3A51F6CC22EEAD8A610,); runOnlyForDeploymentPostprocessing = 0;};
5D5B15B07B5848A9E36F16E9 = {isa = PBXFrameworksBuildPhase; buildActionMask = 2147483647; files = (); runOnlyForDeploymentPostprocessing = 0;};
6078BCC012B992D85F9F37D5 = {isa = PBXResourcesBuildPhase; buildActionMask = 2147483647; files = (); runOnlyForDeploymentPostprocessing = 0;};
6A933033DA631812CADC0B78 = {isa = XCBuildConfiguration; buildSettings = {PRODUCT_BUNDLE_IDENTIFIER = "chat.letagents.mobile.LetAgentsUITests"; PRODUCT_NAME = "$(TARGET_NAME)"; SWIFT_VERSION = "5.0"; GENERATE_INFOPLIST_FILE = "YES"; IPHONEOS_DEPLOYMENT_TARGET = "17.0"; TARGETED_DEVICE_FAMILY = "1"; CODE_SIGN_STYLE = "Automatic"; DEVELOPMENT_TEAM = "26836KWQM6"; SWIFT_EMIT_LOC_STRINGS = "YES"; TEST_TARGET_NAME = "LetAgents";}; name = Debug;};
A61A7CA04BF7019A68892358 = {isa = XCBuildConfiguration; buildSettings = {PRODUCT_BUNDLE_IDENTIFIER = "chat.letagents.mobile.LetAgentsUITests"; PRODUCT_NAME = "$(TARGET_NAME)"; SWIFT_VERSION = "5.0"; GENERATE_INFOPLIST_FILE = "YES"; IPHONEOS_DEPLOYMENT_TARGET = "17.0"; TARGETED_DEVICE_FAMILY = "1"; CODE_SIGN_STYLE = "Automatic"; DEVELOPMENT_TEAM = "26836KWQM6"; SWIFT_EMIT_LOC_STRINGS = "YES"; TEST_TARGET_NAME = "LetAgents";}; name = Release;};
173D7BC367E31E6CE3490B39 = {isa = XCConfigurationList; buildConfigurations = (6A933033DA631812CADC0B78,A61A7CA04BF7019A68892358,); defaultConfigurationIsVisible = 0; defaultConfigurationName = Release;};
365300D87A36B35693548A7A = {isa = PBXContainerItemProxy; containerPortal = 98F54143AB4E86B28C3AFEE0; proxyType = 1; remoteGlobalIDString = 106D1F62A27F34E02B4E2E27; remoteInfo = LetAgents;};
CCA96BB797D24AD88D8E29CE = {isa = PBXTargetDependency; target = 106D1F62A27F34E02B4E2E27; targetProxy = 365300D87A36B35693548A7A;};
B1679631FE83DC2DE5925166 = {isa = PBXNativeTarget; buildConfigurationList = 173D7BC367E31E6CE3490B39; buildPhases = (B419E63C9AD11D10A3880582,5D5B15B07B5848A9E36F16E9,6078BCC012B992D85F9F37D5,); buildRules = (); dependencies = (CCA96BB797D24AD88D8E29CE,); name = LetAgentsUITests; productName = LetAgentsUITests; productReference = C4B7DABB386D303B41AE476E; productType = "com.apple.product-type.bundle.ui-testing";};
FBDC4F23F93125BBEEAE800C = {isa = PBXGroup; children = (31DD24EF1147E0FDB7EFD4E6,D287853A5B19B595EE967D2E,C4B7DABB386D303B41AE476E,); name = Products; sourceTree = "<group>";};
B28B7AF69320201D1CF206EB = {isa = PBXGroup; children = (9598F563571B68F2E6ACAF8C,61D7B4FB3F91E12A32FC4188,ED26F2D14958632782D99F62,FBDC4F23F93125BBEEAE800C,); sourceTree = "<group>";};
89E1FD6268CC0F221A2BE178 = {isa = XCBuildConfiguration; buildSettings = {ALWAYS_SEARCH_USER_PATHS = NO; CLANG_ENABLE_MODULES = YES; SDKROOT = iphoneos; ENABLE_USER_SCRIPT_SANDBOXING = YES; SWIFT_ACTIVE_COMPILATION_CONDITIONS = "DEBUG $(inherited)"; SWIFT_OPTIMIZATION_LEVEL = "-Onone"; ENABLE_TESTABILITY = YES; DEBUG_INFORMATION_FORMAT = dwarf; ONLY_ACTIVE_ARCH = YES;}; name = Debug;};
E6DE6C99132752C914FEF632 = {isa = XCBuildConfiguration; buildSettings = {ALWAYS_SEARCH_USER_PATHS = NO; CLANG_ENABLE_MODULES = YES; SDKROOT = iphoneos; ENABLE_USER_SCRIPT_SANDBOXING = YES; SWIFT_COMPILATION_MODE = wholemodule; SWIFT_OPTIMIZATION_LEVEL = "-O"; DEBUG_INFORMATION_FORMAT = "dwarf-with-dsym"; VALIDATE_PRODUCT = YES;}; name = Release;};
F8C70E4123C9AE82C42562CC = {isa = XCConfigurationList; buildConfigurations = (89E1FD6268CC0F221A2BE178,E6DE6C99132752C914FEF632,); defaultConfigurationIsVisible = 0; defaultConfigurationName = Release;};
98F54143AB4E86B28C3AFEE0 = {isa = PBXProject; attributes = { BuildIndependentTargetsInParallel = YES; LastSwiftUpdateCheck = 2620; LastUpgradeCheck = 2620; }; buildConfigurationList = F8C70E4123C9AE82C42562CC; compatibilityVersion = "Xcode 14.0"; developmentRegion = en; hasScannedForEncodings = 0; knownRegions = (en,Base); mainGroup = B28B7AF69320201D1CF206EB; productRefGroup = FBDC4F23F93125BBEEAE800C; projectDirPath = ""; projectRoot = ""; targets = (106D1F62A27F34E02B4E2E27,E80E070BC82431AEFF557917,B1679631FE83DC2DE5925166,);};
}; rootObject = 98F54143AB4E86B28C3AFEE0; }
